
Microsoft Visual Studio Solution File, Format Version 12.00
# Visual Studio Version 16
Project("{8BC9CEB8-8B4A-11D0-8D11-00A0C91BC942}") = "ALL_BUILD", "ALL_BUILD.vcxproj", "{E05E65D6-0E02-3394-A6BD-E5A4985FB805}"
	ProjectSection(ProjectDependencies) = postProject
		{5453DDA3-DA98-3157-BDF5-C2BD1BBAA4BD} = {5453DDA3-DA98-3157-BDF5-C2BD1BBAA4BD}
		{83C0ABBC-D8AD-3A88-9217-318184D2CFE6} = {83C0ABBC-D8AD-3A88-9217-318184D2CFE6}
	EndProjectSection
EndProject
Project("{8BC9CEB8-8B4A-11D0-8D11-00A0C91BC942}") = "ZERO_CHECK", "ZERO_CHECK.vcxproj", "{5453DDA3-DA98-3157-BDF5-C2BD1BBAA4BD}"
	ProjectSection(ProjectDependencies) = postProject
	EndProjectSection
EndProject
Project("{8BC9CEB8-8B4A-11D0-8D11-00A0C91BC942}") = "onnxruntime_inference", "onnxruntime_inference.vcxproj", "{83C0ABBC-D8AD-3A88-9217-318184D2CFE6}"
	ProjectSection(ProjectDependencies) = postProject
		{5453DDA3-DA98-3157-BDF5-C2BD1BBAA4BD} = {5453DDA3-DA98-3157-BDF5-C2BD1BBAA4BD}
	EndProjectSection
EndProject
Global
	GlobalSection(SolutionConfigurationPlatforms) = preSolution
		Debug|x64 = Debug|x64
		Release|x64 = Release|x64
		MinSizeRel|x64 = MinSizeRel|x64
		RelWithDebInfo|x64 = RelWithDebInfo|x64
	EndGlobalSection
	GlobalSection(ProjectConfigurationPlatforms) = postSolution
		{E05E65D6-0E02-3394-A6BD-E5A4985FB805}.Debug|x64.ActiveCfg = Debug|x64
		{E05E65D6-0E02-3394-A6BD-E5A4985FB805}.Release|x64.ActiveCfg = Release|x64
		{E05E65D6-0E02-3394-A6BD-E5A4985FB805}.MinSizeRel|x64.ActiveCfg = MinSizeRel|x64
		{E05E65D6-0E02-3394-A6BD-E5A4985FB805}.RelWithDebInfo|x64.ActiveCfg = RelWithDebInfo|x64
		{5453DDA3-DA98-3157-BDF5-C2BD1BBAA4BD}.Debug|x64.ActiveCfg = Debug|x64
		{5453DDA3-DA98-3157-BDF5-C2BD1BBAA4BD}.Debug|x64.Build.0 = Debug|x64
		{5453DDA3-DA98-3157-BDF5-C2BD1BBAA4BD}.Release|x64.ActiveCfg = Release|x64
		{5453DDA3-DA98-3157-BDF5-C2BD1BBAA4BD}.Release|x64.Build.0 = Release|x64
		{5453DDA3-DA98-3157-BDF5-C2BD1BBAA4BD}.MinSizeRel|x64.ActiveCfg = MinSizeRel|x64
		{5453DDA3-DA98-3157-BDF5-C2BD1BBAA4BD}.MinSizeRel|x64.Build.0 = MinSizeRel|x64
		{5453DDA3-DA98-3157-BDF5-C2BD1BBAA4BD}.RelWithDebInfo|x64.ActiveCfg = RelWithDebInfo|x64
		{5453DDA3-DA98-3157-BDF5-C2BD1BBAA4BD}.RelWithDebInfo|x64.Build.0 = RelWithDebInfo|x64
		{83C0ABBC-D8AD-3A88-9217-318184D2CFE6}.Debug|x64.ActiveCfg = Debug|x64
		{83C0ABBC-D8AD-3A88-9217-318184D2CFE6}.Debug|x64.Build.0 = Debug|x64
		{83C0ABBC-D8AD-3A88-9217-318184D2CFE6}.Release|x64.ActiveCfg = Release|x64
		{83C0ABBC-D8AD-3A88-9217-318184D2CFE6}.Release|x64.Build.0 = Release|x64
		{83C0ABBC-D8AD-3A88-9217-318184D2CFE6}.MinSizeRel|x64.ActiveCfg = MinSizeRel|x64
		{83C0ABBC-D8AD-3A88-9217-318184D2CFE6}.MinSizeRel|x64.Build.0 = MinSizeRel|x64
		{83C0ABBC-D8AD-3A88-9217-318184D2CFE6}.RelWithDebInfo|x64.ActiveCfg = RelWithDebInfo|x64
		{83C0ABBC-D8AD-3A88-9217-318184D2CFE6}.RelWithDebInfo|x64.Build.0 = RelWithDebInfo|x64
	EndGlobalSection
	GlobalSection(ExtensibilityGlobals) = postSolution
		SolutionGuid = {D8574C2A-826C-3395-99C4-B8118BB07DE9}
	EndGlobalSection
	GlobalSection(ExtensibilityAddIns) = postSolution
	EndGlobalSection
EndGlobal
